
Microsoft Visual Studio Solution File, Format Version 12.00
# Visual Studio Version 16
VisualStudioVersion = 16.0.31729.503
MinimumVisualStudioVersion = 10.0.40219.1
Project("{FAE04EC0-301F-11D3-BF4B-00C04F79EFBC}") = "SCR", "SCR\SCR.csproj", "{F681868E-A453-4D2E-A123-D94F3CFB5B58}"
EndProject
Global
	GlobalSection(SolutionConfigurationPlatforms) = preSolution
		Debug|Any CPU = Debug|Any CPU
		Release|Any CPU = Release|Any CPU
	EndGlobalSection
	GlobalSection(ProjectConfigurationPlatforms) = postSolution
		{F681868E-A453-4D2E-A123-D94F3CFB5B58}.Debug|Any CPU.ActiveCfg = Debug|Any CPU
		{F681868E-A453-4D2E-A123-D94F3CFB5B58}.Debug|Any CPU.Build.0 = Debug|Any CPU
		{F681868E-A453-4D2E-A123-D94F3CFB5B58}.Release|Any CPU.ActiveCfg = Release|Any CPU
		{F681868E-A453-4D2E-A123-D94F3CFB5B58}.Release|Any CPU.Build.0 = Release|Any CPU
	EndGlobalSection
	GlobalSection(SolutionProperties) = preSolution
		HideSolutionNode = FALSE
	EndGlobalSection
	GlobalSection(ExtensibilityGlobals) = postSolution
		SolutionGuid = {49888D9E-79AB-406D-B2F3-995B8932B9A8}
	EndGlobalSection
EndGlobal
